
Microsoft Visual Studio Solution File, Format Version 12.00
# Visual Studio Version 17
VisualStudioVersion = 17.0.32112.339
MinimumVisualStudioVersion = 10.0.40219.1
Project("{9A19103F-16F7-4668-BE54-9A1E7A4F7556}") = "CastleBook", "CastleBook\CastleBook.csproj", "{990A2773-AA86-4A38-9BA8-D14E190C1F56}"
EndProject
Project("{9A19103F-16F7-4668-BE54-9A1E7A4F7556}") = "CastleBook.Models", "CastleBook.Models\CastleBook.Models.csproj", "{177A8A38-D826-4594-B4C9-C3D4854B055D}"
EndProject
Project("{9A19103F-16F7-4668-BE54-9A1E7A4F7556}") = "CastleBook.DataAccess", "CastleBook.DataAccess\CastleBook.DataAccess.csproj", "{7CA9357E-6CC2-4E6B-AC1C-4855669B14F0}"
EndProject
Project("{9A19103F-16F7-4668-BE54-9A1E7A4F7556}") = "CastleBook.Utility", "CastleBook.Utility\CastleBook.Utility.csproj", "{9E326327-1F4D-406A-B348-5BE19085601A}"
EndProject
Project("{2150E333-8FDC-42A3-9474-1A3956D46DE8}") = "Solution Items", "Solution Items", "{A0BCE521-D8AC-4BD6-AD49-E9BF8822ECB7}"
	ProjectSection(SolutionItems) = preProject
		.editorconfig = .editorconfig
	EndProjectSection
EndProject
Global
	GlobalSection(SolutionConfigurationPlatforms) = preSolution
		Debug|Any CPU = Debug|Any CPU
		Release|Any CPU = Release|Any CPU
	EndGlobalSection
	GlobalSection(ProjectConfigurationPlatforms) = postSolution
		{990A2773-AA86-4A38-9BA8-D14E190C1F56}.Debug|Any CPU.ActiveCfg = Debug|Any CPU
		{990A2773-AA86-4A38-9BA8-D14E190C1F56}.Debug|Any CPU.Build.0 = Debug|Any CPU
		{990A2773-AA86-4A38-9BA8-D14E190C1F56}.Release|Any CPU.ActiveCfg = Release|Any CPU
		{990A2773-AA86-4A38-9BA8-D14E190C1F56}.Release|Any CPU.Build.0 = Release|Any CPU
		{177A8A38-D826-4594-B4C9-C3D4854B055D}.Debug|Any CPU.ActiveCfg = Debug|Any CPU
		{177A8A38-D826-4594-B4C9-C3D4854B055D}.Debug|Any CPU.Build.0 = Debug|Any CPU
		{177A8A38-D826-4594-B4C9-C3D4854B055D}.Release|Any CPU.ActiveCfg = Release|Any CPU
		{177A8A38-D826-4594-B4C9-C3D4854B055D}.Release|Any CPU.Build.0 = Release|Any CPU
		{7CA9357E-6CC2-4E6B-AC1C-4855669B14F0}.Debug|Any CPU.ActiveCfg = Debug|Any CPU
		{7CA9357E-6CC2-4E6B-AC1C-4855669B14F0}.Debug|Any CPU.Build.0 = Debug|Any CPU
		{7CA9357E-6CC2-4E6B-AC1C-4855669B14F0}.Release|Any CPU.ActiveCfg = Release|Any CPU
		{7CA9357E-6CC2-4E6B-AC1C-4855669B14F0}.Release|Any CPU.Build.0 = Release|Any CPU
		{9E326327-1F4D-406A-B348-5BE19085601A}.Debug|Any CPU.ActiveCfg = Debug|Any CPU
		{9E326327-1F4D-406A-B348-5BE19085601A}.Debug|Any CPU.Build.0 = Debug|Any CPU
		{9E326327-1F4D-406A-B348-5BE19085601A}.Release|Any CPU.ActiveCfg = Release|Any CPU
		{9E326327-1F4D-406A-B348-5BE19085601A}.Release|Any CPU.Build.0 = Release|Any CPU
	EndGlobalSection
	GlobalSection(SolutionProperties) = preSolution
		HideSolutionNode = FALSE
	EndGlobalSection
	GlobalSection(ExtensibilityGlobals) = postSolution
		SolutionGuid = {11F821DC-7D37-4DDF-9B5D-E143304DD589}
	EndGlobalSection
EndGlobal
